
Microsoft Visual Studio Solution File, Format Version 12.00
# Visual Studio Version 17
VisualStudioVersion = 17.13.35825.156 d17.13
MinimumVisualStudioVersion = 10.0.40219.1
Project("{FAE04EC0-301F-11D3-BF4B-00C04F79EFBC}") = "Serilog.Sinks.Aliyun", "Serilog.Sinks.Aliyun\Serilog.Sinks.Aliyun.csproj", "{6D2BE321-D10E-11DC-3550-818A92954B30}"
EndProject
Global
	GlobalSection(SolutionConfigurationPlatforms) = preSolution
		Debug|Any CPU = Debug|Any CPU
		Release|Any CPU = Release|Any CPU
	EndGlobalSection
	GlobalSection(ProjectConfigurationPlatforms) = postSolution
		{6D2BE321-D10E-11DC-3550-818A92954B30}.Debug|Any CPU.ActiveCfg = Debug|Any CPU
		{6D2BE321-D10E-11DC-3550-818A92954B30}.Debug|Any CPU.Build.0 = Debug|Any CPU
		{6D2BE321-D10E-11DC-3550-818A92954B30}.Release|Any CPU.ActiveCfg = Release|Any CPU
		{6D2BE321-D10E-11DC-3550-818A92954B30}.Release|Any CPU.Build.0 = Release|Any CPU
	EndGlobalSection
	GlobalSection(SolutionProperties) = preSolution
		HideSolutionNode = FALSE
	EndGlobalSection
	GlobalSection(ExtensibilityGlobals) = postSolution
		SolutionGuid = {D9A8C412-33C0-4823-9CA3-1B10BAFD6F13}
	EndGlobalSection
EndGlobal
